PODS:
  - flutter_udid (0.0.1):
    - FlutterMacOS
    - SAMKeychain
  - FlutterMacOS (1.0.0)
  - package_info (0.0.1):
    - FlutterMacOS
  - SAMKeychain (1.5.3)
  - shared_preferences_foundation (0.0.1):
    - Flutter
    - FlutterMacOS

DEPENDENCIES:
  - flutter_udid (from `Flutter/ephemeral/.symlinks/plugins/flutter_udid/macos`)
  - FlutterMacOS (from `Flutter/ephemeral`)
  - package_info (from `Flutter/ephemeral/.symlinks/plugins/package_info/macos`)
  - shared_preferences_foundation (from `Flutter/ephemeral/.symlinks/plugins/shared_preferences_foundation/darwin`)

SPEC REPOS:
  trunk:
    - SAMKeychain

EXTERNAL SOURCES:
  flutter_udid:
    :path: Flutter/ephemeral/.symlinks/plugins/flutter_udid/macos
  FlutterMacOS:
    :path: Flutter/ephemeral
  package_info:
    :path: Flutter/ephemeral/.symlinks/plugins/package_info/macos
  shared_preferences_foundation:
    :path: Flutter/ephemeral/.symlinks/plugins/shared_preferences_foundation/darwin

SPEC CHECKSUMS:
  flutter_udid: 6b2b89780c3dfeecf0047bdf93f622d6416b1c07
  FlutterMacOS: 8f6f14fa908a6fb3fba0cd85dbd81ec4b251fb24
  package_info: 6eba2fd8d3371dda2d85c8db6fe97488f24b74b2
  SAMKeychain: 483e1c9f32984d50ca961e26818a534283b4cd5c
  shared_preferences_foundation: fcdcbc04712aee1108ac7fda236f363274528f78

PODFILE CHECKSUM: 236401fc2c932af29a9fcf0e97baeeb2d750d367

COCOAPODS: 1.16.2
